
Microsoft Visual Studio Solution File, Format Version 12.00
# Visual Studio 14
VisualStudioVersion = 14.0.25420.1
MinimumVisualStudioVersion = 10.0.40219.1
Project("{FAE04EC0-301F-11D3-BF4B-00C04F79EFBC}") = "pidevPMT.data", "pidevPMT.data\pidevPMT.data.csproj", "{1FDE7AE4-FE35-4688-8E7B-20CABFCE124D}"
EndProject
Project("{FAE04EC0-301F-11D3-BF4B-00C04F79EFBC}") = "pidevPMT.domain", "pidevPMT.domain\pidevPMT.domain.csproj", "{AA6DFCD9-3998-48B8-9413-C9702DF1A1CD}"
EndProject
Project("{FAE04EC0-301F-11D3-BF4B-00C04F79EFBC}") = "pidevPMT.service", "pidevPMT.service\pidevPMT.service.csproj", "{D50F4CD0-20A2-443F-9EE2-E56FFE5FCCCB}"
EndProject
Project("{FAE04EC0-301F-11D3-BF4B-00C04F79EFBC}") = "ServicePattern", "ServicePattern\ServicePattern.csproj", "{7A2373DF-7EE6-4B0F-9B89-6486CB227508}"
EndProject
Project("{FAE04EC0-301F-11D3-BF4B-00C04F79EFBC}") = "modelidentity", "modelidentity\modelidentity.csproj", "{7D6BE006-B6FB-4045-B412-4B4EBEA59D3E}"
EndProject
Project("{FAE04EC0-301F-11D3-BF4B-00C04F79EFBC}") = "pidevPMT.Mvc", "pidevPMT.Mvc\pidevPMT.Mvc.csproj", "{927BA6DD-912B-4732-85EA-FC3141559FC2}"
EndProject
Global
	GlobalSection(SolutionConfigurationPlatforms) = preSolution
		Debug|Any CPU = Debug|Any CPU
		Release|Any CPU = Release|Any CPU
	EndGlobalSection
	GlobalSection(ProjectConfigurationPlatforms) = postSolution
		{1FDE7AE4-FE35-4688-8E7B-20CABFCE124D}.Debug|Any CPU.ActiveCfg = Debug|Any CPU
		{1FDE7AE4-FE35-4688-8E7B-20CABFCE124D}.Debug|Any CPU.Build.0 = Debug|Any CPU
		{1FDE7AE4-FE35-4688-8E7B-20CABFCE124D}.Release|Any CPU.ActiveCfg = Release|Any CPU
		{1FDE7AE4-FE35-4688-8E7B-20CABFCE124D}.Release|Any CPU.Build.0 = Release|Any CPU
		{AA6DFCD9-3998-48B8-9413-C9702DF1A1CD}.Debug|Any CPU.ActiveCfg = Debug|Any CPU
		{AA6DFCD9-3998-48B8-9413-C9702DF1A1CD}.Debug|Any CPU.Build.0 = Debug|Any CPU
		{AA6DFCD9-3998-48B8-9413-C9702DF1A1CD}.Release|Any CPU.ActiveCfg = Release|Any CPU
		{AA6DFCD9-3998-48B8-9413-C9702DF1A1CD}.Release|Any CPU.Build.0 = Release|Any CPU
		{D50F4CD0-20A2-443F-9EE2-E56FFE5FCCCB}.Debug|Any CPU.ActiveCfg = Debug|Any CPU
		{D50F4CD0-20A2-443F-9EE2-E56FFE5FCCCB}.Debug|Any CPU.Build.0 = Debug|Any CPU
		{D50F4CD0-20A2-443F-9EE2-E56FFE5FCCCB}.Release|Any CPU.ActiveCfg = Release|Any CPU
		{D50F4CD0-20A2-443F-9EE2-E56FFE5FCCCB}.Release|Any CPU.Build.0 = Release|Any CPU
		{7A2373DF-7EE6-4B0F-9B89-6486CB227508}.Debug|Any CPU.ActiveCfg = Debug|Any CPU
		{7A2373DF-7EE6-4B0F-9B89-6486CB227508}.Debug|Any CPU.Build.0 = Debug|Any CPU
		{7A2373DF-7EE6-4B0F-9B89-6486CB227508}.Release|Any CPU.ActiveCfg = Release|Any CPU
		{7A2373DF-7EE6-4B0F-9B89-6486CB227508}.Release|Any CPU.Build.0 = Release|Any CPU
		{7D6BE006-B6FB-4045-B412-4B4EBEA59D3E}.Debug|Any CPU.ActiveCfg = Debug|Any CPU
		{7D6BE006-B6FB-4045-B412-4B4EBEA59D3E}.Debug|Any CPU.Build.0 = Debug|Any CPU
		{7D6BE006-B6FB-4045-B412-4B4EBEA59D3E}.Release|Any CPU.ActiveCfg = Release|Any CPU
		{7D6BE006-B6FB-4045-B412-4B4EBEA59D3E}.Release|Any CPU.Build.0 = Release|Any CPU
		{927BA6DD-912B-4732-85EA-FC3141559FC2}.Debug|Any CPU.ActiveCfg = Debug|Any CPU
		{927BA6DD-912B-4732-85EA-FC3141559FC2}.Debug|Any CPU.Build.0 = Debug|Any CPU
		{927BA6DD-912B-4732-85EA-FC3141559FC2}.Release|Any CPU.ActiveCfg = Release|Any CPU
		{927BA6DD-912B-4732-85EA-FC3141559FC2}.Release|Any CPU.Build.0 = Release|Any CPU
	EndGlobalSection
	GlobalSection(SolutionProperties) = preSolution
		HideSolutionNode = FALSE
	EndGlobalSection
EndGlobal
